
Microsoft Visual Studio Solution File, Format Version 12.00
# Visual Studio Version 17
VisualStudioVersion = 17.5.002.0
MinimumVisualStudioVersion = 10.0.40219.1
Project("{9A19103F-16F7-4668-BE54-9A1E7A4F7556}") = "mvc1", "mvc1.csproj", "{5917BD70-0E27-4178-845E-8EC7F5E73798}"
EndProject
Global
	GlobalSection(SolutionConfigurationPlatforms) = preSolution
		Debug|Any CPU = Debug|Any CPU
		Release|Any CPU = Release|Any CPU
	EndGlobalSection
	GlobalSection(ProjectConfigurationPlatforms) = postSolution
		{5917BD70-0E27-4178-845E-8EC7F5E73798}.Debug|Any CPU.ActiveCfg = Debug|Any CPU
		{5917BD70-0E27-4178-845E-8EC7F5E73798}.Debug|Any CPU.Build.0 = Debug|Any CPU
		{5917BD70-0E27-4178-845E-8EC7F5E73798}.Release|Any CPU.ActiveCfg = Release|Any CPU
		{5917BD70-0E27-4178-845E-8EC7F5E73798}.Release|Any CPU.Build.0 = Release|Any CPU
	EndGlobalSection
	GlobalSection(SolutionProperties) = preSolution
		HideSolutionNode = FALSE
	EndGlobalSection
	GlobalSection(ExtensibilityGlobals) = postSolution
		SolutionGuid = {6B9B47B4-2061-4EB6-BEF0-0F5B136DFFD8}
	EndGlobalSection
EndGlobal
